{
  "lockfileVersion": 1,
  "configVersion": 1,
  "workspaces": {
    "": {
      "name": "sakiot-dsp-browser",
      "devDependencies": {
        "playwright": "1.62.0",
        "rolldown": "1.0.0-rc.11",
        "tone": "15.1.22",
      },
    },
  },
  "packages": {
    "@babel/runtime": ["@babel/runtime@7.29.7", "", {}, "sha512-Nq8OhGWiZIZGV6hLHoyAKLLcJihP/xFeBMGJoUrxTX2psI8dCifzLhZISFb+VWS3wFMRDmCGw5R+dOySCqPLhw=="],

    "@emnapi/core": ["@emnapi/core@1.11.3", "", { "dependencies": { "@emnapi/wasi-threads": "1.2.3", "tslib": "^2.4.0" } }, "sha512-zLpS5asjEb7lq8jYLq37N6XKaE41DIexlY1rF/z4/tIl3wo13Sqm28fRyfIsKZD+NZ8mM5RoKkpW/rBcuoSZSg=="],

    "@emnapi/runtime": ["@emnapi/runtime@1.11.3", "", { "dependencies": { "tslib": "^2.4.0" } }, "sha512-Xz4Tpyki7XyrpbUK1jR1AhdAdaXyhhY4lZ3neLodmhpuWfy2PAQN5B46sAiU4liOXGLkHypn/qU+jvfWSCYYLA=="],

    "@emnapi/wasi-threads": ["@emnapi/wasi-threads@1.2.3", "", { "dependencies": { "tslib": "^2.4.0" } }, "sha512-ELEBe8PsLvvJ6QMr0zLt8ffvOHW/dc1m3CEzNMg7aJUv3bMaoDtw2TXyDAwkYBuroxxuHEwhRTLJSe5sya547g=="],

    "@napi-rs/wasm-runtime": ["@napi-rs/wasm-runtime@1.2.4", "", { "dependencies": { "@tybys/wasm-util": "^0.10.3" }, "peerDependencies": { "@emnapi/core": "^1.7.1 || ^2.0.0-alpha.4", "@emnapi/runtime": "^1.7.1 || ^2.0.0-alpha.4" } }, "sha512-AJxoUD2/15ESHbvpcyjU274nsAPLuOtPHCk0vKJM5pj//Fg/B1FXNWjPnXTT9PymCYYiHo4zPj0ZomXBKhoy7g=="],

    "@oxc-project/types": ["@oxc-project/types@0.122.0", "", {}, "sha512-oLAl5kBpV4w69UtFZ9xqcmTi+GENWOcPF7FCrczTiBbmC0ibXxCwyvZGbO39rCVEuLGAZM84DH0pUIyyv/YJzA=="],

    "@rolldown/binding-android-arm64": ["@rolldown/binding-android-arm64@1.0.0-rc.11", "", { "os": "android", "cpu": "arm64" }, "sha512-SJ+/g+xNnOh6NqYxD0V3uVN4W3VfnrGsC9/hoglicgTNfABFG9JjISvkkU0dNY84MNHLWyOgxP9v9Y9pX4S7+A=="],

    "@rolldown/binding-darwin-arm64": ["@rolldown/binding-darwin-arm64@1.0.0-rc.11", "", { "os": "darwin", "cpu": "arm64" }, "sha512-7WQgR8SfOPwmDZGFkThUvsmd/nwAWv91oCO4I5LS7RKrssPZmOt7jONN0cW17ydGC1n/+puol1IpoieKqQidmg=="],

    "@rolldown/binding-darwin-x64": ["@rolldown/binding-darwin-x64@1.0.0-rc.11", "", { "os": "darwin", "cpu": "x64" }, "sha512-39Ks6UvIHq4rEogIfQBoBRusj0Q0nPVWIvqmwBLaT6aqQGIakHdESBVOPRRLacy4WwUPIx4ZKzfZ9PMW+IeyUQ=="],

    "@rolldown/binding-freebsd-x64": ["@rolldown/binding-freebsd-x64@1.0.0-rc.11", "", { "os": "freebsd", "cpu": "x64" }, "sha512-jfsm0ZHfhiqrvWjJAmzsqiIFPz5e7mAoCOPBNTcNgkiid/LaFKiq92+0ojH+nmJmKYkre4t71BWXUZDNp7vsag=="],

    "@rolldown/binding-linux-arm-gnueabihf": ["@rolldown/binding-linux-arm-gnueabihf@1.0.0-rc.11", "", { "os": "linux", "cpu": "arm" }, "sha512-zjQaUtSyq1nVe3nxmlSCuR96T1LPlpvmJ0SZy0WJFEsV4kFbXcq2u68L4E6O0XeFj4aex9bEauqjW8UQBeAvfQ=="],

    "@rolldown/binding-linux-arm64-gnu": ["@rolldown/binding-linux-arm64-gnu@1.0.0-rc.11", "", { "os": "linux", "cpu": "arm64" }, "sha512-WMW1yE6IOnehTcFE9eipFkm3XN63zypWlrJQ2iF7NrQ9b2LDRjumFoOGJE8RJJTJCTBAdmLMnJ8uVitACUUo1Q=="],

    "@rolldown/binding-linux-arm64-musl": ["@rolldown/binding-linux-arm64-musl@1.0.0-rc.11", "", { "os": "linux", "cpu": "arm64" }, "sha512-jfndI9tsfm4APzjNt6QdBkYwre5lRPUgHeDHoI7ydKUuJvz3lZeCfMsI56BZj+7BYqiKsJm7cfd/6KYV7ubrBg=="],

    "@rolldown/binding-linux-ppc64-gnu": ["@rolldown/binding-linux-ppc64-gnu@1.0.0-rc.11", "", { "os": "linux", "cpu": "ppc64" }, "sha512-ZlFgw46NOAGMgcdvdYwAGu2Q+SLFA9LzbJLW+iyMOJyhj5wk6P3KEE9Gct4xWwSzFoPI7JCdYmYMzVtlgQ+zfw=="],

    "@rolldown/binding-linux-s390x-gnu": ["@rolldown/binding-linux-s390x-gnu@1.0.0-rc.11", "", { "os": "linux", "cpu": "s390x" }, "sha512-hIOYmuT6ofM4K04XAZd3OzMySEO4K0/nc9+jmNcxNAxRi6c5UWpqfw3KMFV4MVFWL+jQsSh+bGw2VqmaPMTLyw=="],

    "@rolldown/binding-linux-x64-gnu": ["@rolldown/binding-linux-x64-gnu@1.0.0-rc.11", "", { "os": "linux", "cpu": "x64" }, "sha512-qXBQQO9OvkjjQPLdUVr7Nr2t3QTZI7s4KZtfw7HzBgjbmAPSFwSv4rmET9lLSgq3rH/ndA3ngv3Qb8l2njoPNA=="],

    "@rolldown/binding-linux-x64-musl": ["@rolldown/binding-linux-x64-musl@1.0.0-rc.11", "", { "os": "linux", "cpu": "x64" }, "sha512-/tpFfoSTzUkH9LPY+cYbqZBDyyX62w5fICq9qzsHLL8uTI6BHip3Q9Uzft0wylk/i8OOwKik8OxW+QAhDmzwmg=="],

    "@rolldown/binding-openharmony-arm64": ["@rolldown/binding-openharmony-arm64@1.0.0-rc.11", "", { "os": "none", "cpu": "arm64" }, "sha512-mcp3Rio2w72IvdZG0oQ4bM2c2oumtwHfUfKncUM6zGgz0KgPz4YmDPQfnXEiY5t3+KD/i8HG2rOB/LxdmieK2g=="],

    "@rolldown/binding-wasm32-wasi": ["@rolldown/binding-wasm32-wasi@1.0.0-rc.11", "", { "dependencies": { "@napi-rs/wasm-runtime": "^1.1.1" }, "cpu": "none" }, "sha512-LXk5Hii1Ph9asuGRjBuz8TUxdc1lWzB7nyfdoRgI0WGPZKmCxvlKk8KfYysqtr4MfGElu/f/pEQRh8fcEgkrWw=="],

    "@rolldown/binding-win32-arm64-msvc": ["@rolldown/binding-win32-arm64-msvc@1.0.0-rc.11", "", { "os": "win32", "cpu": "arm64" }, "sha512-dDwf5otnx0XgRY1yqxOC4ITizcdzS/8cQ3goOWv3jFAo4F+xQYni+hnMuO6+LssHHdJW7+OCVL3CoU4ycnh35Q=="],

    "@rolldown/binding-win32-x64-msvc": ["@rolldown/binding-win32-x64-msvc@1.0.0-rc.11", "", { "os": "win32", "cpu": "x64" }, "sha512-LN4/skhSggybX71ews7dAj6r2geaMJfm3kMbK2KhFMg9B10AZXnKoLCVVgzhMHL0S+aKtr4p8QbAW8k+w95bAA=="],

    "@rolldown/pluginutils": ["@rolldown/pluginutils@1.0.0-rc.11", "", {}, "sha512-xQO9vbwBecJRv9EUcQ/y0dzSTJgA7Q6UVN7xp6B81+tBGSLVAK03yJ9NkJaUA7JFD91kbjxRSC/mDnmvXzbHoQ=="],

    "@tybys/wasm-util": ["@tybys/wasm-util@0.10.4", "", { "dependencies": { "tslib": "^2.4.0" } }, "sha512-W3c4gRigFS0T/Ma4qIYF3GDAc5AQdHb1yL5znJT1Zv1YaD9Kitx656wBjvr19qbiosmZT8lWDM5BEMynUqX65A=="],

    "automation-events": ["automation-events@7.1.19", "", { "dependencies": { "@babel/runtime": "^7.29.2", "tslib": "^2.8.1" } }, "sha512-cD+TLhJTI0q4AI3ktd353lrGZiVa9AchowSDzQzzGjSoYe22js4vlS32VUtWuaulghi1Yq0KYNWKk9wWuGymPA=="],

    "fsevents": ["fsevents@2.3.2", "", { "os": "darwin" }, "sha512-xiqMQR4xAeHTuB9uWm+fFRcIOgKBMiOBP+eXiyT7jsgVCq1bkVygt00oASowB7EdtpOHaaPgKt812P9ab+DDKA=="],

    "playwright": ["playwright@1.62.0", "", { "dependencies": { "playwright-core": "1.62.0" }, "optionalDependencies": { "fsevents": "2.3.2" }, "bin": { "playwright": "cli.js" } }, "sha512-Z14dG305dgaLu6foB1TXQagFiW8JfSUIUaUuPaKQ6NtBPKF1P/qXcqfh6c6K/icPqdy37JmjbiBXf6JNg6Sylw=="],

    "playwright-core": ["playwright-core@1.62.0", "", { "bin": { "playwright-core": "cli.js" } }, "sha512-nsNRyq0r2zsG8AcRHWknc9QRA5XCueC7gWMrs+Gx2tlZn9hcl8zudfh00lhJPY1DE7NmZ6bDsT9g2yey8mXljA=="],

    "rolldown": ["rolldown@1.0.0-rc.11", "", { "dependencies": { "@oxc-project/types": "=0.122.0", "@rolldown/pluginutils": "1.0.0-rc.11" }, "optionalDependencies": { "@rolldown/binding-android-arm64": "1.0.0-rc.11", "@rolldown/binding-darwin-arm64": "1.0.0-rc.11", "@rolldown/binding-darwin-x64": "1.0.0-rc.11", "@rolldown/binding-freebsd-x64": "1.0.0-rc.11", "@rolldown/binding-linux-arm-gnueabihf": "1.0.0-rc.11", "@rolldown/binding-linux-arm64-gnu": "1.0.0-rc.11", "@rolldown/binding-linux-arm64-musl": "1.0.0-rc.11", "@rolldown/binding-linux-ppc64-gnu": "1.0.0-rc.11", "@rolldown/binding-linux-s390x-gnu": "1.0.0-rc.11", "@rolldown/binding-linux-x64-gnu": "1.0.0-rc.11", "@rolldown/binding-linux-x64-musl": "1.0.0-rc.11", "@rolldown/binding-openharmony-arm64": "1.0.0-rc.11", "@rolldown/binding-wasm32-wasi": "1.0.0-rc.11", "@rolldown/binding-win32-arm64-msvc": "1.0.0-rc.11", "@rolldown/binding-win32-x64-msvc": "1.0.0-rc.11" }, "bin": { "rolldown": "bin/cli.mjs" } }, "sha512-NRjoKMusSjfRbSYiH3VSumlkgFe7kYAa3pzVOsVYVFY3zb5d7nS+a3KGQ7hJKXuYWbzJKPVQ9Wxq2UvyK+ENpw=="],

    "standardized-audio-context": ["standardized-audio-context@25.3.77", "", { "dependencies": { "@babel/runtime": "^7.25.6", "automation-events": "^7.0.9", "tslib": "^2.7.0" } }, "sha512-Ki9zNz6pKcC5Pi+QPjPyVsD9GwJIJWgryji0XL9cAJXMGyn+dPOf6Qik1AHei0+UNVcc4BOCa0hWLBzlwqsW/A=="],

    "tone": ["tone@15.1.22", "", { "dependencies": { "standardized-audio-context": "^25.3.70", "tslib": "^2.3.1" } }, "sha512-TCScAGD4sLsama5DjvTUXlLDXSqPealhL64nsdV1hhr6frPWve0DeSo63AKnSJwgfg55fhvxj0iPPRwPN5o0ag=="],

    "tslib": ["tslib@2.8.1", "", {}, "sha512-oJFu94HQb+KVduSUQL7wnpmqnfmLsOA/nAh6b6EH0wCEoK0/mPeXU6c3wKDV83MkOuHPRHtSXKKU99IBazS/2w=="],
  }
}
